
Microsoft Visual Studio Solution File, Format Version 12.00
# Visual Studio 2013
VisualStudioVersion = 12.0.21005.1
MinimumVisualStudioVersion = 10.0.40219.1
Project("{FAE04EC0-301F-11D3-BF4B-00C04F79EFBC}") = "WebUI", "WebUI\WebUI.csproj", "{40A1FC6B-0044-4703-9CF3-E1762422A21F}"
EndProject
Project("{FAE04EC0-301F-11D3-BF4B-00C04F79EFBC}") = "Model", "Model\Model.csproj", "{D21AD6CE-93EB-4085-97FF-5B16FBA16CBC}"
EndProject
Project("{FAE04EC0-301F-11D3-BF4B-00C04F79EFBC}") = "BLL", "BLL\BLL.csproj", "{36A8758C-524F-4757-B51A-94B5B8F0F6C2}"
EndProject
Project("{FAE04EC0-301F-11D3-BF4B-00C04F79EFBC}") = "DAL", "DAL\DAL.csproj", "{B744CC5F-FC92-4262-85D4-184E0E0E6BFB}"
EndProject
Global
	GlobalSection(SolutionConfigurationPlatforms) = preSolution
		Debug|Any CPU = Debug|Any CPU
		Release|Any CPU = Release|Any CPU
	EndGlobalSection
	GlobalSection(ProjectConfigurationPlatforms) = postSolution
		{40A1FC6B-0044-4703-9CF3-E1762422A21F}.Debug|Any CPU.ActiveCfg = Debug|Any CPU
		{40A1FC6B-0044-4703-9CF3-E1762422A21F}.Debug|Any CPU.Build.0 = Debug|Any CPU
		{40A1FC6B-0044-4703-9CF3-E1762422A21F}.Release|Any CPU.ActiveCfg = Release|Any CPU
		{40A1FC6B-0044-4703-9CF3-E1762422A21F}.Release|Any CPU.Build.0 = Release|Any CPU
		{D21AD6CE-93EB-4085-97FF-5B16FBA16CBC}.Debug|Any CPU.ActiveCfg = Debug|Any CPU
		{D21AD6CE-93EB-4085-97FF-5B16FBA16CBC}.Debug|Any CPU.Build.0 = Debug|Any CPU
		{D21AD6CE-93EB-4085-97FF-5B16FBA16CBC}.Release|Any CPU.ActiveCfg = Release|Any CPU
		{D21AD6CE-93EB-4085-97FF-5B16FBA16CBC}.Release|Any CPU.Build.0 = Release|Any CPU
		{36A8758C-524F-4757-B51A-94B5B8F0F6C2}.Debug|Any CPU.ActiveCfg = Debug|Any CPU
		{36A8758C-524F-4757-B51A-94B5B8F0F6C2}.Debug|Any CPU.Build.0 = Debug|Any CPU
		{36A8758C-524F-4757-B51A-94B5B8F0F6C2}.Release|Any CPU.ActiveCfg = Release|Any CPU
		{36A8758C-524F-4757-B51A-94B5B8F0F6C2}.Release|Any CPU.Build.0 = Release|Any CPU
		{B744CC5F-FC92-4262-85D4-184E0E0E6BFB}.Debug|Any CPU.ActiveCfg = Debug|Any CPU
		{B744CC5F-FC92-4262-85D4-184E0E0E6BFB}.Debug|Any CPU.Build.0 = Debug|Any CPU
		{B744CC5F-FC92-4262-85D4-184E0E0E6BFB}.Release|Any CPU.ActiveCfg = Release|Any CPU
		{B744CC5F-FC92-4262-85D4-184E0E0E6BFB}.Release|Any CPU.Build.0 = Release|Any CPU
	EndGlobalSection
	GlobalSection(SolutionProperties) = preSolution
		HideSolutionNode = FALSE
	EndGlobalSection
EndGlobal
